
Microsoft Visual Studio Solution File, Format Version 12.00
# Visual Studio Version 17
VisualStudioVersion = 17.9.34714.143
MinimumVisualStudioVersion = 10.0.40219.1
Project("{2150E333-8FDC-42A3-9474-1A3956D46DE8}") = "src", "src", "{8ADEBE64-9B47-4871-9C54-8ECB56CFEB66}"
EndProject
Project("{2150E333-8FDC-42A3-9474-1A3956D46DE8}") = "tests", "tests", "{0BC2A9A2-D38D-495C-94EF-27D2A435C936}"
EndProject
Project("{2150E333-8FDC-42A3-9474-1A3956D46DE8}") = "demo", "demo", "{9F13388E-920F-43C9-AFBA-4299B3EEC10D}"
EndProject
Project("{9A19103F-16F7-4668-BE54-9A1E7A4F7556}") = "AhmedOumezzine.EFCore.Repository", "src\AhmedOumezzine.EFCore.Repository\AhmedOumezzine.EFCore.Repository.csproj", "{63D61B08-B86B-4D33-8C85-32230A1F4FCC}"
EndProject
Project("{FAE04EC0-301F-11D3-BF4B-00C04F79EFBC}") = "AhmedOumezzine.EFCore.Repository.Tests", "tests\AhmedOumezzine.EFCore.Repository.Tests\AhmedOumezzine.EFCore.Repository.Tests.csproj", "{B6914A2D-35F6-4114-A77B-8D07F9AF8A63}"
EndProject
Global
	GlobalSection(SolutionConfigurationPlatforms) = preSolution
		Debug|Any CPU = Debug|Any CPU
		Release|Any CPU = Release|Any CPU
	EndGlobalSection
	GlobalSection(ProjectConfigurationPlatforms) = postSolution
		{63D61B08-B86B-4D33-8C85-32230A1F4FCC}.Debug|Any CPU.ActiveCfg = Debug|Any CPU
		{63D61B08-B86B-4D33-8C85-32230A1F4FCC}.Debug|Any CPU.Build.0 = Debug|Any CPU
		{63D61B08-B86B-4D33-8C85-32230A1F4FCC}.Release|Any CPU.ActiveCfg = Release|Any CPU
		{63D61B08-B86B-4D33-8C85-32230A1F4FCC}.Release|Any CPU.Build.0 = Release|Any CPU
		{B6914A2D-35F6-4114-A77B-8D07F9AF8A63}.Debug|Any CPU.ActiveCfg = Debug|Any CPU
		{B6914A2D-35F6-4114-A77B-8D07F9AF8A63}.Debug|Any CPU.Build.0 = Debug|Any CPU
		{B6914A2D-35F6-4114-A77B-8D07F9AF8A63}.Release|Any CPU.ActiveCfg = Release|Any CPU
		{B6914A2D-35F6-4114-A77B-8D07F9AF8A63}.Release|Any CPU.Build.0 = Release|Any CPU
	EndGlobalSection
	GlobalSection(SolutionProperties) = preSolution
		HideSolutionNode = FALSE
	EndGlobalSection
	GlobalSection(NestedProjects) = preSolution
		{63D61B08-B86B-4D33-8C85-32230A1F4FCC} = {8ADEBE64-9B47-4871-9C54-8ECB56CFEB66}
		{B6914A2D-35F6-4114-A77B-8D07F9AF8A63} = {0BC2A9A2-D38D-495C-94EF-27D2A435C936}
	EndGlobalSection
	GlobalSection(ExtensibilityGlobals) = postSolution
		SolutionGuid = {89045BF7-CADF-4C5C-8602-51082DCD4E48}
	EndGlobalSection
EndGlobal
